
Microsoft Visual Studio Solution File, Format Version 12.00
# Visual Studio Version 17
VisualStudioVersion = 17.9.34622.214
MinimumVisualStudioVersion = 10.0.40219.1
Project("{9A19103F-16F7-4668-BE54-9A1E7A4F7556}") = "WebAPI_5BHWII_Grundlagen", "WebAPI_5BHWII_Grundlagen\WebAPI_5BHWII_Grundlagen.csproj", "{DA0E25EA-A8F8-4B1F-8B1F-89E5EDF51A1D}"
EndProject
Project("{FAE04EC0-301F-11D3-BF4B-00C04F79EFBC}") = "Klassenbiliothek_Article", "Klassenbiliothek_Article\Klassenbiliothek_Article.csproj", "{229EA6FA-B79A-47B3-A4C9-CDEAF0710144}"
EndProject
Project("{FAE04EC0-301F-11D3-BF4B-00C04F79EFBC}") = "API_Abfrage", "API_Abfrage\API_Abfrage.csproj", "{FE65002B-1541-4242-B00D-7A9A8A8CCC8C}"
EndProject
Global
	GlobalSection(SolutionConfigurationPlatforms) = preSolution
		Debug|Any CPU = Debug|Any CPU
		Release|Any CPU = Release|Any CPU
	EndGlobalSection
	GlobalSection(ProjectConfigurationPlatforms) = postSolution
		{DA0E25EA-A8F8-4B1F-8B1F-89E5EDF51A1D}.Debug|Any CPU.ActiveCfg = Debug|Any CPU
		{DA0E25EA-A8F8-4B1F-8B1F-89E5EDF51A1D}.Debug|Any CPU.Build.0 = Debug|Any CPU
		{DA0E25EA-A8F8-4B1F-8B1F-89E5EDF51A1D}.Release|Any CPU.ActiveCfg = Release|Any CPU
		{DA0E25EA-A8F8-4B1F-8B1F-89E5EDF51A1D}.Release|Any CPU.Build.0 = Release|Any CPU
		{229EA6FA-B79A-47B3-A4C9-CDEAF0710144}.Debug|Any CPU.ActiveCfg = Debug|Any CPU
		{229EA6FA-B79A-47B3-A4C9-CDEAF0710144}.Debug|Any CPU.Build.0 = Debug|Any CPU
		{229EA6FA-B79A-47B3-A4C9-CDEAF0710144}.Release|Any CPU.ActiveCfg = Release|Any CPU
		{229EA6FA-B79A-47B3-A4C9-CDEAF0710144}.Release|Any CPU.Build.0 = Release|Any CPU
		{FE65002B-1541-4242-B00D-7A9A8A8CCC8C}.Debug|Any CPU.ActiveCfg = Debug|Any CPU
		{FE65002B-1541-4242-B00D-7A9A8A8CCC8C}.Debug|Any CPU.Build.0 = Debug|Any CPU
		{FE65002B-1541-4242-B00D-7A9A8A8CCC8C}.Release|Any CPU.ActiveCfg = Release|Any CPU
		{FE65002B-1541-4242-B00D-7A9A8A8CCC8C}.Release|Any CPU.Build.0 = Release|Any CPU
	EndGlobalSection
	GlobalSection(SolutionProperties) = preSolution
		HideSolutionNode = FALSE
	EndGlobalSection
	GlobalSection(ExtensibilityGlobals) = postSolution
		SolutionGuid = {1812DD9C-D012-4D5F-955D-CB6BFFF9FF78}
	EndGlobalSection
EndGlobal
