
Microsoft Visual Studio Solution File, Format Version 12.00
# Visual Studio Version 17
VisualStudioVersion = 17.11.35312.102
MinimumVisualStudioVersion = 10.0.40219.1
Project("{FAE04EC0-301F-11D3-BF4B-00C04F79EFBC}") = "APP_Test", "APP_Test\APP_Test.csproj", "{805E407C-21D6-4427-9CE5-B369AF122BCF}"
EndProject
Global
	GlobalSection(SolutionConfigurationPlatforms) = preSolution
		Debug|Any CPU = Debug|Any CPU
		Release|Any CPU = Release|Any CPU
	EndGlobalSection
	GlobalSection(ProjectConfigurationPlatforms) = postSolution
		{805E407C-21D6-4427-9CE5-B369AF122BCF}.Debug|Any CPU.ActiveCfg = Debug|Any CPU
		{805E407C-21D6-4427-9CE5-B369AF122BCF}.Debug|Any CPU.Build.0 = Debug|Any CPU
		{805E407C-21D6-4427-9CE5-B369AF122BCF}.Debug|Any CPU.Deploy.0 = Debug|Any CPU
		{805E407C-21D6-4427-9CE5-B369AF122BCF}.Release|Any CPU.ActiveCfg = Release|Any CPU
		{805E407C-21D6-4427-9CE5-B369AF122BCF}.Release|Any CPU.Build.0 = Release|Any CPU
		{805E407C-21D6-4427-9CE5-B369AF122BCF}.Release|Any CPU.Deploy.0 = Release|Any CPU
	EndGlobalSection
	GlobalSection(SolutionProperties) = preSolution
		HideSolutionNode = FALSE
	EndGlobalSection
	GlobalSection(ExtensibilityGlobals) = postSolution
		SolutionGuid = {0DF9B659-C11B-477E-945F-06DA8401BBB5}
	EndGlobalSection
EndGlobal
